// !$*UTF8*$!
{
	archiveVersion = 1;
	classes = {
	};
	objectVersion = 50;
	objects = {

/* Begin PBXBuildFile section */
		FF23EED1225AF46F00ACC213 /* AppDelegate.swift in Sources */ = {isa = PBXBuildFile; fileRef = FF23EED0225AF46F00ACC213 /* AppDelegate.swift */; };
		FF23EED3225AF46F00ACC213 /* ViewController.swift in Sources */ = {isa = PBXBuildFile; fileRef = FF23EED2225AF46F00ACC213 /* ViewController.swift */; };
		FF23EED6225AF47000ACC213 /* Main.storyboard in Resources */ = {isa = PBXBuildFile; fileRef = FF23EED4225AF47000ACC213 /* Main.storyboard */; };
		FF23EED8225AF47B00ACC213 /* Assets.xcassets in Resources */ = {isa = PBXBuildFile; fileRef = FF23EED7225AF47B00ACC213 /* Assets.xcassets */; };
		FF23EEDB225AF47B00ACC213 /* LaunchScreen.storyboard in Resources */ = {isa = PBXBuildFile; fileRef = FF23EED9225AF47B00ACC213 /* LaunchScreen.storyboard */; };
		FF23EEE6225AF47C00ACC213 /* Class02Tests.swift in Sources */ = {isa = PBXBuildFile; fileRef = FF23EEE5225AF47C00ACC213 /* Class02Tests.swift */; };
		FF23EEF1225AF47C00ACC213 /* Class02UITests.swift in Sources */ = {isa = PBXBuildFile; fileRef = FF23EEF0225AF47C00ACC213 /* Class02UITests.swift */; };
/* End PBXBuildFile section */

/* Begin PBXContainerItemProxy section */
		FF23EEE2225AF47C00ACC213 /* PBXContainerItemProxy */ = {
			isa = PBXContainerItemProxy;
			containerPortal = FF23EEC5225AF46F00ACC213 /* Project object */;
			proxyType = 1;
			remoteGlobalIDString = FF23EECC225AF46F00ACC213;
			remoteInfo = Class02;
		};
		FF23EEED225AF47C00ACC213 /* PBXContainerItemProxy */ = {
			isa = PBXContainerItemProxy;
			containerPortal = FF23EEC5225AF46F00ACC213 /* Project object */;
			proxyType = 1;
			remoteGlobalIDString = FF23EECC225AF46F00ACC213;
			remoteInfo = Class02;
		};
/* End PBXContainerItemProxy section */

/* Begin PBXFileReference section */
		FF23EECD225AF46F00ACC213 /* Class02.app */ = {isa = PBXFileReference; explicitFileType = wrapper.application; includeInIndex = 0; path = Class02.app; sourceTree = BUILT_PRODUCTS_DIR; };
		FF23EED0225AF46F00ACC213 /* AppDelegate.swift */ = {isa = PBXFileReference; lastKnownFileType = sourcecode.swift; path = AppDelegate.swift; sourceTree = "<group>"; };
		FF23EED2225AF46F00ACC213 /* ViewController.swift */ = {isa = PBXFileReference; lastKnownFileType = sourcecode.swift; path = ViewController.swift; sourceTree = "<group>"; };
		FF23EED5225AF47000ACC213 /* Base */ = {isa = PBXFileReference; lastKnownFileType = file.storyboard; name = Base; path = Base.lproj/Main.storyboard; sourceTree = "<group>"; };
		FF23EED7225AF47B00ACC213 /* Assets.xcassets */ = {isa = PBXFileReference; lastKnownFileType = folder.assetcatalog; path = Assets.xcassets; sourceTree = "<group>"; };
		FF23EEDA225AF47B00ACC213 /* Base */ = {isa = PBXFileReference; lastKnownFileType = file.storyboard; name = Base; path = Base.lproj/LaunchScreen.storyboard; sourceTree = "<group>"; };
		FF23EEDC225AF47B00ACC213 /* Info.plist */ = {isa = PBXFileReference; lastKnownFileType = text.plist.xml; path = Info.plist; sourceTree = "<group>"; };
		FF23EEE1225AF47C00ACC213 /* Class02Tests.xctest */ = {isa = PBXFileReference; explicitFileType = wrapper.cfbundle; includeInIndex = 0; path = Class02Tests.xctest; sourceTree = BUILT_PRODUCTS_DIR; };
		FF23EEE5225AF47C00ACC213 /* Class02Tests.swift */ = {isa = PBXFileReference; lastKnownFileType = sourcecode.swift; path = Class02Tests.swift; sourceTree = "<group>"; };
		FF23EEE7225AF47C00ACC213 /* Info.plist */ = {isa = PBXFileReference; lastKnownFileType = text.plist.xml; path = Info.plist; sourceTree = "<group>"; };
		FF23EEEC225AF47C00ACC213 /* Class02UITests.xctest */ = {isa = PBXFileReference; explicitFileType = wrapper.cfbundle; includeInIndex = 0; path = Class02UITests.xctest; sourceTree = BUILT_PRODUCTS_DIR; };
		FF23EEF0225AF47C00ACC213 /* Class02UITests.swift */ = {isa = PBXFileReference; lastKnownFileType = sourcecode.swift; path = Class02UITests.swift; sourceTree = "<group>"; };
		FF23EEF2225AF47C00ACC213 /* Info.plist */ = {isa = PBXFileReference; lastKnownFileType = text.plist.xml; path = Info.plist; sourceTree = "<group>"; };
/* End PBXFileReference section */

/* Begin PBXFrameworksBuildPhase section */
		FF23EECA225AF46F00ACC213 /* Frameworks */ = {
			isa = PBXFrameworksBuildPhase;
			buildActionMask = 2147483647;
			files = (
			);
			runOnlyForDeploymentPostprocessing = 0;
		};
		FF23EEDE225AF47C00ACC213 /* Frameworks */ = {
			isa = PBXFrameworksBuildPhase;
			buildActionMask = 2147483647;
			files = (
			);
			runOnlyForDeploymentPostprocessing = 0;
		};
		FF23EEE9225AF47C00ACC213 /* Frameworks */ = {
			isa = PBXFrameworksBuildPhase;
			buildActionMask = 2147483647;
			files = (
			);
			runOnlyForDeploymentPostprocessing = 0;
		};
/* End PBXFrameworksBuildPhase section */

/* Begin PBXGroup section */
		FF23EEC4225AF46F00ACC213 = {
			isa = PBXGroup;
			children = (
				FF23EECF225AF46F00ACC213 /* Class02 */,
				FF23EEE4225AF47C00ACC213 /* Class02Tests */,
				FF23EEEF225AF47C00ACC213 /* Class02UITests */,
				FF23EECE225AF46F00ACC213 /* Products */,
			);
			sourceTree = "<group>";
		};
		FF23EECE225AF46F00ACC213 /* Products */ = {
			isa = PBXGroup;
			children = (
				FF23EECD225AF46F00ACC213 /* Class02.app */,
				FF23EEE1225AF47C00ACC213 /* Class02Tests.xctest */,
				FF23EEEC225AF47C00ACC213 /* Class02UITests.xctest */,
			);
			name = Products;
			sourceTree = "<group>";
		};
		FF23EECF225AF46F00ACC213 /* Class02 */ = {
			isa = PBXGroup;
			children = (
				FF23EED0225AF46F00ACC213 /* AppDelegate.swift */,
				FF23EED2225AF46F00ACC213 /* ViewController.swift */,
				FF23EED4225AF47000ACC213 /* Main.storyboard */,
				FF23EED7225AF47B00ACC213 /* Assets.xcassets */,
				FF23EED9225AF47B00ACC213 /* LaunchScreen.storyboard */,
				FF23EEDC225AF47B00ACC213 /* Info.plist */,
			);
			path = Class02;
			sourceTree = "<group>";
		};
		FF23EEE4225AF47C00ACC213 /* Class02Tests */ = {
			isa = PBXGroup;
			children = (
				FF23EEE5225AF47C00ACC213 /* Class02Tests.swift */,
				FF23EEE7225AF47C00ACC213 /* Info.plist */,
			);
			path = Class02Tests;
			sourceTree = "<group>";
		};
		FF23EEEF225AF47C00ACC213 /* Class02UITests */ = {
			isa = PBXGroup;
			children = (
				FF23EEF0225AF47C00ACC213 /* Class02UITests.swift */,
				FF23EEF2225AF47C00ACC213 /* Info.plist */,
			);
			path = Class02UITests;
			sourceTree = "<group>";
		};
/* End PBXGroup section */

/* Begin PBXNativeTarget section */
		FF23EECC225AF46F00ACC213 /* Class02 */ = {
			isa = PBXNativeTarget;
			buildConfigurationList = FF23EEF5225AF47C00ACC213 /* Build configuration list for PBXNativeTarget "Class02" */;
			buildPhases = (
				FF23EEC9225AF46F00ACC213 /* Sources */,
				FF23EECA225AF46F00ACC213 /* Frameworks */,
				FF23EECB225AF46F00ACC213 /* Resources */,
			);
			buildRules = (
			);
			dependencies = (
			);
			name = Class02;
			productName = Class02;
			productReference = FF23EECD225AF46F00ACC213 /* Class02.app */;
			productType = "com.apple.product-type.application";
		};
		FF23EEE0225AF47C00ACC213 /* Class02Tests */ = {
			isa = PBXNativeTarget;
			buildConfigurationList = FF23EEF8225AF47C00ACC213 /* Build configuration list for PBXNativeTarget "Class02Tests" */;
			buildPhases = (
				FF23EEDD225AF47C00ACC213 /* Sources */,
				FF23EEDE225AF47C00ACC213 /* Frameworks */,
				FF23EEDF225AF47C00ACC213 /* Resources */,
			);
			buildRules = (
			);
			dependencies = (
				FF23EEE3225AF47C00ACC213 /* PBXTargetDependency */,
			);
			name = Class02Tests;
			productName = Class02Tests;
			productReference = FF23EEE1225AF47C00ACC213 /* Class02Tests.xctest */;
			productType = "com.apple.product-type.bundle.unit-test";
		};
		FF23EEEB225AF47C00ACC213 /* Class02UITests */ = {
			isa = PBXNativeTarget;
			buildConfigurationList = FF23EEFB225AF47C00ACC213 /* Build configuration list for PBXNativeTarget "Class02UITests" */;
			buildPhases = (
				FF23EEE8225AF47C00ACC213 /* Sources */,
				FF23EEE9225AF47C00ACC213 /* Frameworks */,
				FF23EEEA225AF47C00ACC213 /* Resources */,
			);
			buildRules = (
			);
			dependencies = (
				FF23EEEE225AF47C00ACC213 /* PBXTargetDependency */,
			);
			name = Class02UITests;
			productName = Class02UITests;
			productReference = FF23EEEC225AF47C00ACC213 /* Class02UITests.xctest */;
			productType = "com.apple.product-type.bundle.ui-testing";
		};
/* End PBXNativeTarget section */

/* Begin PBXProject section */
		FF23EEC5225AF46F00ACC213 /* Project object */ = {
			isa = PBXProject;
			attributes = {
				LastSwiftUpdateCheck = 1010;
				LastUpgradeCheck = 1010;
				ORGANIZATIONNAME = "L20102-02";
				TargetAttributes = {
					FF23EECC225AF46F00ACC213 = {
						CreatedOnToolsVersion = 10.1;
					};
					FF23EEE0225AF47C00ACC213 = {
						CreatedOnToolsVersion = 10.1;
						TestTargetID = FF23EECC225AF46F00ACC213;
					};
					FF23EEEB225AF47C00ACC213 = {
						CreatedOnToolsVersion = 10.1;
						TestTargetID = FF23EECC225AF46F00ACC213;
					};
				};
			};
			buildConfigurationList = FF23EEC8225AF46F00ACC213 /* Build configuration list for PBXProject "Class02" */;
			compatibilityVersion = "Xcode 9.3";
			developmentRegion = en;
			hasScannedForEncodings = 0;
			knownRegions = (
				en,
				Base,
			);
			mainGroup = FF23EEC4225AF46F00ACC213;
			productRefGroup = FF23EECE225AF46F00ACC213 /* Products */;
			projectDirPath = "";
			projectRoot = "";
			targets = (
				FF23EECC225AF46F00ACC213 /* Class02 */,
				FF23EEE0225AF47C00ACC213 /* Class02Tests */,
				FF23EEEB225AF47C00ACC213 /* Class02UITests */,
			);
		};
/* End PBXProject section */

/* Begin PBXResourcesBuildPhase section */
		FF23EECB225AF46F00ACC213 /* Resources */ = {
			isa = PBXResourcesBuildPhase;
			buildActionMask = 2147483647;
			files = (
				FF23EEDB225AF47B00ACC213 /* LaunchScreen.storyboard in Resources */,
				FF23EED8225AF47B00ACC213 /* Assets.xcassets in Resources */,
				FF23EED6225AF47000ACC213 /* Main.storyboard in Resources */,
			);
			runOnlyForDeploymentPostprocessing = 0;
		};
		FF23EEDF225AF47C00ACC213 /* Resources */ = {
			isa = PBXResourcesBuildPhase;
			buildActionMask = 2147483647;
			files = (
			);
			runOnlyForDeploymentPostprocessing = 0;
		};
		FF23EEEA225AF47C00ACC213 /* Resources */ = {
			isa = PBXResourcesBuildPhase;
			buildActionMask = 2147483647;
			files = (
			);
			runOnlyForDeploymentPostprocessing = 0;
		};
/* End PBXResourcesBuildPhase section */

/* Begin PBXSourcesBuildPhase section */
		FF23EEC9225AF46F00ACC213 /* Sources */ = {
			isa = PBXSourcesBuildPhase;
			buildActionMask = 2147483647;
			files = (
				FF23EED3225AF46F00ACC213 /* ViewController.swift in Sources */,
				FF23EED1225AF46F00ACC213 /* AppDelegate.swift in Sources */,
			);
			runOnlyForDeploymentPostprocessing = 0;
		};
		FF23EEDD225AF47C00ACC213 /* Sources */ = {
			isa = PBXSourcesBuildPhase;
			buildActionMask = 2147483647;
			files = (
				FF23EEE6225AF47C00ACC213 /* Class02Tests.swift in Sources */,
			);
			runOnlyForDeploymentPostprocessing = 0;
		};
		FF23EEE8225AF47C00ACC213 /* Sources */ = {
			isa = PBXSourcesBuildPhase;
			buildActionMask = 2147483647;
			files = (
				FF23EEF1225AF47C00ACC213 /* Class02UITests.swift in Sources */,
			);
			runOnlyForDeploymentPostprocessing = 0;
		};
/* End PBXSourcesBuildPhase section */

/* Begin PBXTargetDependency section */
		FF23EEE3225AF47C00ACC213 /* PBXTargetDependency */ = {
			isa = PBXTargetDependency;
			target = FF23EECC225AF46F00ACC213 /* Class02 */;
			targetProxy = FF23EEE2225AF47C00ACC213 /* PBXContainerItemProxy */;
		};
		FF23EEEE225AF47C00ACC213 /* PBXTargetDependency */ = {
			isa = PBXTargetDependency;
			target = FF23EECC225AF46F00ACC213 /* Class02 */;
			targetProxy = FF23EEED225AF47C00ACC213 /* PBXContainerItemProxy */;
		};
/* End PBXTargetDependency section */

/* Begin PBXVariantGroup section */
		FF23EED4225AF47000ACC213 /* Main.storyboard */ = {
			isa = PBXVariantGroup;
			children = (
				FF23EED5225AF47000ACC213 /* Base */,
			);
			name = Main.storyboard;
			sourceTree = "<group>";
		};
		FF23EED9225AF47B00ACC213 /* LaunchScreen.storyboard */ = {
			isa = PBXVariantGroup;
			children = (
				FF23EEDA225AF47B00ACC213 /* Base */,
			);
			name = LaunchScreen.storyboard;
			sourceTree = "<group>";
		};
/* End PBXVariantGroup section */

/* Begin XCBuildConfiguration section */
		FF23EEF3225AF47C00ACC213 /* Debug */ = {
			isa = XCBuildConfiguration;
			buildSettings = {
				ALWAYS_SEARCH_USER_PATHS = NO;
				CLANG_ANALYZER_NONNULL = YES;
				CLANG_ANALYZER_NUMBER_OBJECT_CONVERSION = YES_AGGRESSIVE;
				CLANG_CXX_LANGUAGE_STANDARD = "gnu++14";
				CLANG_CXX_LIBRARY = "libc++";
				CLANG_ENABLE_MODULES = YES;
				CLANG_ENABLE_OBJC_ARC = YES;
				CLANG_ENABLE_OBJC_WEAK = YES;
				CLANG_WARN_BLOCK_CAPTURE_AUTORELEASING = YES;
				CLANG_WARN_BOOL_CONVERSION = YES;
				CLANG_WARN_COMMA = YES;
				CLANG_WARN_CONSTANT_CONVERSION = YES;
				CLANG_WARN_DEPRECATED_OBJC_IMPLEMENTATIONS = YES;
				CLANG_WARN_DIRECT_OBJC_ISA_USAGE = YES_ERROR;
				CLANG_WARN_DOCUMENTATION_COMMENTS = YES;
				CLANG_WARN_EMPTY_BODY = YES;
				CLANG_WARN_ENUM_CONVERSION = YES;
				CLANG_WARN_INFINITE_RECURSION = YES;
				CLANG_WARN_INT_CONVERSION = YES;
				CLANG_WARN_NON_LITERAL_NULL_CONVERSION = YES;
				CLANG_WARN_OBJC_IMPLICIT_RETAIN_SELF = YES;
				CLANG_WARN_OBJC_LITERAL_CONVERSION = YES;
				CLANG_WARN_OBJC_ROOT_CLASS = YES_ERROR;
				CLANG_WARN_RANGE_LOOP_ANALYSIS = YES;
				CLANG_WARN_STRICT_PROTOTYPES = YES;
				CLANG_WARN_SUSPICIOUS_MOVE = YES;
				CLANG_WARN_UNGUARDED_AVAILABILITY = YES_AGGRESSIVE;
				CLANG_WARN_UNREACHABLE_CODE = YES;
				CLANG_WARN__DUPLICATE_METHOD_MATCH = YES;
				CODE_SIGN_IDENTITY = "iPhone Developer";
				COPY_PHASE_STRIP = NO;
				DEBUG_INFORMATION_FORMAT = dwarf;
				ENABLE_STRICT_OBJC_MSGSEND = YES;
				ENABLE_TESTABILITY = YES;
				GCC_C_LANGUAGE_STANDARD = gnu11;
				GCC_DYNAMIC_NO_PIC = NO;
				GCC_NO_COMMON_BLOCKS = YES;
				GCC_OPTIMIZATION_LEVEL = 0;
				GCC_PREPROCESSOR_DEFINITIONS = (
					"DEBUG=1",
					"$(inherited)",
				);
				GCC_WARN_64_TO_32_BIT_CONVERSION = YES;
				GCC_WARN_ABOUT_RETURN_TYPE = YES_ERROR;
				GCC_WARN_UNDECLARED_SELECTOR = YES;
				GCC_WARN_UNINITIALIZED_AUTOS = YES_AGGRESSIVE;
				GCC_WARN_UNUSED_FUNCTION = YES;
				GCC_WARN_UNUSED_VARIABLE = YES;
				IPHONEOS_DEPLOYMENT_TARGET = 12.1;
				MTL_ENABLE_DEBUG_INFO = INCLUDE_SOURCE;
				MTL_FAST_MATH = YES;
				ONLY_ACTIVE_ARCH = YES;
				SDKROOT = iphoneos;
				SWIFT_ACTIVE_COMPILATION_CONDITIONS = DEBUG;
				SWIFT_OPTIMIZATION_LEVEL = "-Onone";
			};
			name = Debug;
		};
		FF23EEF4225AF47C00ACC213 /* Release */ = {
			isa = XCBuildConfiguration;
			buildSettings = {
				ALWAYS_SEARCH_USER_PATHS = NO;
				CLANG_ANALYZER_NONNULL = YES;
				CLANG_ANALYZER_NUMBER_OBJECT_CONVERSION = YES_AGGRESSIVE;
				CLANG_CXX_LANGUAGE_STANDARD = "gnu++14";
				CLANG_CXX_LIBRARY = "libc++";
				CLANG_ENABLE_MODULES = YES;
				CLANG_ENABLE_OBJC_ARC = YES;
				CLANG_ENABLE_OBJC_WEAK = YES;
				CLANG_WARN_BLOCK_CAPTURE_AUTORELEASING = YES;
				CLANG_WARN_BOOL_CONVERSION = YES;
				CLANG_WARN_COMMA = YES;
				CLANG_WARN_CONSTANT_CONVERSION = YES;
				CLANG_WARN_DEPRECATED_OBJC_IMPLEMENTATIONS = YES;
				CLANG_WARN_DIRECT_OBJC_ISA_USAGE = YES_ERROR;
				CLANG_WARN_DOCUMENTATION_COMMENTS = YES;
				CLANG_WARN_EMPTY_BODY = YES;
				CLANG_WARN_ENUM_CONVERSION = YES;
				CLANG_WARN_INFINITE_RECURSION = YES;
				CLANG_WARN_INT_CONVERSION = YES;
				CLANG_WARN_NON_LITERAL_NULL_CONVERSION = YES;
				CLANG_WARN_OBJC_IMPLICIT_RETAIN_SELF = YES;
				CLANG_WARN_OBJC_LITERAL_CONVERSION = YES;
				CLANG_WARN_OBJC_ROOT_CLASS = YES_ERROR;
				CLANG_WARN_RANGE_LOOP_ANALYSIS = YES;
				CLANG_WARN_STRICT_PROTOTYPES = YES;
				CLANG_WARN_SUSPICIOUS_MOVE = YES;
				CLANG_WARN_UNGUARDED_AVAILABILITY = YES_AGGRESSIVE;
				CLANG_WARN_UNREACHABLE_CODE = YES;
				CLANG_WARN__DUPLICATE_METHOD_MATCH = YES;
				CODE_SIGN_IDENTITY = "iPhone Developer";
				COPY_PHASE_STRIP = NO;
				DEBUG_INFORMATION_FORMAT = "dwarf-with-dsym";
				ENABLE_NS_ASSERTIONS = NO;
				ENABLE_STRICT_OBJC_MSGSEND = YES;
				GCC_C_LANGUAGE_STANDARD = gnu11;
				GCC_NO_COMMON_BLOCKS = YES;
				GCC_WARN_64_TO_32_BIT_CONVERSION = YES;
				GCC_WARN_ABOUT_RETURN_TYPE = YES_ERROR;
				GCC_WARN_UNDECLARED_SELECTOR = YES;
				GCC_WARN_UNINITIALIZED_AUTOS = YES_AGGRESSIVE;
				GCC_WARN_UNUSED_FUNCTION = YES;
				GCC_WARN_UNUSED_VARIABLE = YES;
				IPHONEOS_DEPLOYMENT_TARGET = 12.1;
				MTL_ENABLE_DEBUG_INFO = NO;
				MTL_FAST_MATH = YES;
				SDKROOT = iphoneos;
				SWIFT_COMPILATION_MODE = wholemodule;
				SWIFT_OPTIMIZATION_LEVEL = "-O";
				VALIDATE_PRODUCT = YES;
			};
			name = Release;
		};
		FF23EEF6225AF47C00ACC213 /* Debug */ = {
			isa = XCBuildConfiguration;
			buildSettings = {
				ASSETCATALOG_COMPILER_APPICON_NAME = AppIcon;
				CODE_SIGN_STYLE = Automatic;
				INFOPLIST_FILE = Class02/Info.plist;
				LD_RUNPATH_SEARCH_PATHS = (
					"$(inherited)",
					"@executable_path/Frameworks",
				);
				PRODUCT_BUNDLE_IDENTIFIER = edu.cjcu.Class02;
				PRODUCT_NAME = "$(TARGET_NAME)";
				SWIFT_VERSION = 4.2;
				TARGETED_DEVICE_FAMILY = "1,2";
			};
			name = Debug;
		};
		FF23EEF7225AF47C00ACC213 /* Release */ = {
			isa = XCBuildConfiguration;
			buildSettings = {
				ASSETCATALOG_COMPILER_APPICON_NAME = AppIcon;
				CODE_SIGN_STYLE = Automatic;
				INFOPLIST_FILE = Class02/Info.plist;
				LD_RUNPATH_SEARCH_PATHS = (
					"$(inherited)",
					"@executable_path/Frameworks",
				);
				PRODUCT_BUNDLE_IDENTIFIER = edu.cjcu.Class02;
				PRODUCT_NAME = "$(TARGET_NAME)";
				SWIFT_VERSION = 4.2;
				TARGETED_DEVICE_FAMILY = "1,2";
			};
			name = Release;
		};
		FF23EEF9225AF47C00ACC213 /* Debug */ = {
			isa = XCBuildConfiguration;
			buildSettings = {
				ALWAYS_EMBED_SWIFT_STANDARD_LIBRARIES = YES;
				BUNDLE_LOADER = "$(TEST_HOST)";
				CODE_SIGN_STYLE = Automatic;
				INFOPLIST_FILE = Class02Tests/Info.plist;
				LD_RUNPATH_SEARCH_PATHS = (
					"$(inherited)",
					"@executable_path/Frameworks",
					"@loader_path/Frameworks",
				);
				PRODUCT_BUNDLE_IDENTIFIER = edu.cjcu.Class02Tests;
				PRODUCT_NAME = "$(TARGET_NAME)";
				SWIFT_VERSION = 4.2;
				TARGETED_DEVICE_FAMILY = "1,2";
				TEST_HOST = "$(BUILT_PRODUCTS_DIR)/Class02.app/Class02";
			};
			name = Debug;
		};
		FF23EEFA225AF47C00ACC213 /* Release */ = {
			isa = XCBuildConfiguration;
			buildSettings = {
				ALWAYS_EMBED_SWIFT_STANDARD_LIBRARIES = YES;
				BUNDLE_LOADER = "$(TEST_HOST)";
				CODE_SIGN_STYLE = Automatic;
				INFOPLIST_FILE = Class02Tests/Info.plist;
				LD_RUNPATH_SEARCH_PATHS = (
					"$(inherited)",
					"@executable_path/Frameworks",
					"@loader_path/Frameworks",
				);
				PRODUCT_BUNDLE_IDENTIFIER = edu.cjcu.Class02Tests;
				PRODUCT_NAME = "$(TARGET_NAME)";
				SWIFT_VERSION = 4.2;
				TARGETED_DEVICE_FAMILY = "1,2";
				TEST_HOST = "$(BUILT_PRODUCTS_DIR)/Class02.app/Class02";
			};
			name = Release;
		};
		FF23EEFC225AF47C00ACC213 /* Debug */ = {
			isa = XCBuildConfiguration;
			buildSettings = {
				ALWAYS_EMBED_SWIFT_STANDARD_LIBRARIES = YES;
				CODE_SIGN_STYLE = Automatic;
				INFOPLIST_FILE = Class02UITests/Info.plist;
				LD_RUNPATH_SEARCH_PATHS = (
					"$(inherited)",
					"@executable_path/Frameworks",
					"@loader_path/Frameworks",
				);
				PRODUCT_BUNDLE_IDENTIFIER = edu.cjcu.Class02UITests;
				PRODUCT_NAME = "$(TARGET_NAME)";
				SWIFT_VERSION = 4.2;
				TARGETED_DEVICE_FAMILY = "1,2";
				TEST_TARGET_NAME = Class02;
			};
			name = Debug;
		};
		FF23EEFD225AF47C00ACC213 /* Release */ = {
			isa = XCBuildConfiguration;
			buildSettings = {
				ALWAYS_EMBED_SWIFT_STANDARD_LIBRARIES = YES;
				CODE_SIGN_STYLE = Automatic;
				INFOPLIST_FILE = Class02UITests/Info.plist;
				LD_RUNPATH_SEARCH_PATHS = (
					"$(inherited)",
					"@executable_path/Frameworks",
					"@loader_path/Frameworks",
				);
				PRODUCT_BUNDLE_IDENTIFIER = edu.cjcu.Class02UITests;
				PRODUCT_NAME = "$(TARGET_NAME)";
				SWIFT_VERSION = 4.2;
				TARGETED_DEVICE_FAMILY = "1,2";
				TEST_TARGET_NAME = Class02;
			};
			name = Release;
		};
/* End XCBuildConfiguration section */

/* Begin XCConfigurationList section */
		FF23EEC8225AF46F00ACC213 /* Build configuration list for PBXProject "Class02" */ = {
			isa = XCConfigurationList;
			buildConfigurations = (
				FF23EEF3225AF47C00ACC213 /* Debug */,
				FF23EEF4225AF47C00ACC213 /* Release */,
			);
			defaultConfigurationIsVisible = 0;
			defaultConfigurationName = Release;
		};
		FF23EEF5225AF47C00ACC213 /* Build configuration list for PBXNativeTarget "Class02" */ = {
			isa = XCConfigurationList;
			buildConfigurations = (
				FF23EEF6225AF47C00ACC213 /* Debug */,
				FF23EEF7225AF47C00ACC213 /* Release */,
			);
			defaultConfigurationIsVisible = 0;
			defaultConfigurationName = Release;
		};
		FF23EEF8225AF47C00ACC213 /* Build configuration list for PBXNativeTarget "Class02Tests" */ = {
			isa = XCConfigurationList;
			buildConfigurations = (
				FF23EEF9225AF47C00ACC213 /* Debug */,
				FF23EEFA225AF47C00ACC213 /* Release */,
			);
			defaultConfigurationIsVisible = 0;
			defaultConfigurationName = Release;
		};
		FF23EEFB225AF47C00ACC213 /* Build configuration list for PBXNativeTarget "Class02UITests" */ = {
			isa = XCConfigurationList;
			buildConfigurations = (
				FF23EEFC225AF47C00ACC213 /* Debug */,
				FF23EEFD225AF47C00ACC213 /* Release */,
			);
			defaultConfigurationIsVisible = 0;
			defaultConfigurationName = Release;
		};
/* End XCConfigurationList section */
	};
	rootObject = FF23EEC5225AF46F00ACC213 /* Project object */;
}
